
Microsoft Visual Studio Solution File, Format Version 12.00
# Visual Studio Version 17
VisualStudioVersion = 17.1.32319.34
MinimumVisualStudioVersion = 10.0.40219.1
Project("{8BC9CEB8-8B4A-11D0-8D11-00A0C91BC942}") = "Slent", "Slent\Slent.vcxproj", "{EA7DC574-F17F-4C8F-A75F-2918F9093BB3}"
EndProject
Project("{8BC9CEB8-8B4A-11D0-8D11-00A0C91BC942}") = "SlentVM", "SlentVM\SlentVM.vcxproj", "{9F4EA501-F7F0-434C-8A21-B8A139931821}"
EndProject
Project("{8BC9CEB8-8B4A-11D0-8D11-00A0C91BC942}") = "SlentNative_std", "SlentNative_std\SlentNative_std.vcxproj", "{ADC207E3-7B6D-4E61-90D5-73F5CB8BAC68}"
EndProject
Project("{8BC9CEB8-8B4A-11D0-8D11-00A0C91BC942}") = "SlentNative_base", "SlentNative_base\SlentNative_base.vcxproj", "{D4A3C022-A72F-4CD4-8BEC-29042BE47F2C}"
EndProject
Global
	GlobalSection(SolutionConfigurationPlatforms) = preSolution
		Debug|x64 = Debug|x64
		Debug|x86 = Debug|x86
		Release|x64 = Release|x64
		Release|x86 = Release|x86
	EndGlobalSection
	GlobalSection(ProjectConfigurationPlatforms) = postSolution
		{EA7DC574-F17F-4C8F-A75F-2918F9093BB3}.Debug|x64.ActiveCfg = Debug|x64
		{EA7DC574-F17F-4C8F-A75F-2918F9093BB3}.Debug|x64.Build.0 = Debug|x64
		{EA7DC574-F17F-4C8F-A75F-2918F9093BB3}.Debug|x86.ActiveCfg = Debug|Win32
		{EA7DC574-F17F-4C8F-A75F-2918F9093BB3}.Debug|x86.Build.0 = Debug|Win32
		{EA7DC574-F17F-4C8F-A75F-2918F9093BB3}.Release|x64.ActiveCfg = Release|x64
		{EA7DC574-F17F-4C8F-A75F-2918F9093BB3}.Release|x64.Build.0 = Release|x64
		{EA7DC574-F17F-4C8F-A75F-2918F9093BB3}.Release|x86.ActiveCfg = Release|Win32
		{EA7DC574-F17F-4C8F-A75F-2918F9093BB3}.Release|x86.Build.0 = Release|Win32
		{9F4EA501-F7F0-434C-8A21-B8A139931821}.Debug|x64.ActiveCfg = Debug|x64
		{9F4EA501-F7F0-434C-8A21-B8A139931821}.Debug|x64.Build.0 = Debug|x64
		{9F4EA501-F7F0-434C-8A21-B8A139931821}.Debug|x86.ActiveCfg = Debug|Win32
		{9F4EA501-F7F0-434C-8A21-B8A139931821}.Debug|x86.Build.0 = Debug|Win32
		{9F4EA501-F7F0-434C-8A21-B8A139931821}.Release|x64.ActiveCfg = Release|x64
		{9F4EA501-F7F0-434C-8A21-B8A139931821}.Release|x64.Build.0 = Release|x64
		{9F4EA501-F7F0-434C-8A21-B8A139931821}.Release|x86.ActiveCfg = Release|Win32
		{9F4EA501-F7F0-434C-8A21-B8A139931821}.Release|x86.Build.0 = Release|Win32
		{ADC207E3-7B6D-4E61-90D5-73F5CB8BAC68}.Debug|x64.ActiveCfg = Debug|x64
		{ADC207E3-7B6D-4E61-90D5-73F5CB8BAC68}.Debug|x64.Build.0 = Debug|x64
		{ADC207E3-7B6D-4E61-90D5-73F5CB8BAC68}.Debug|x86.ActiveCfg = Debug|Win32
		{ADC207E3-7B6D-4E61-90D5-73F5CB8BAC68}.Debug|x86.Build.0 = Debug|Win32
		{ADC207E3-7B6D-4E61-90D5-73F5CB8BAC68}.Release|x64.ActiveCfg = Release|x64
		{ADC207E3-7B6D-4E61-90D5-73F5CB8BAC68}.Release|x64.Build.0 = Release|x64
		{ADC207E3-7B6D-4E61-90D5-73F5CB8BAC68}.Release|x86.ActiveCfg = Release|Win32
		{ADC207E3-7B6D-4E61-90D5-73F5CB8BAC68}.Release|x86.Build.0 = Release|Win32
		{D4A3C022-A72F-4CD4-8BEC-29042BE47F2C}.Debug|x64.ActiveCfg = Debug|x64
		{D4A3C022-A72F-4CD4-8BEC-29042BE47F2C}.Debug|x64.Build.0 = Debug|x64
		{D4A3C022-A72F-4CD4-8BEC-29042BE47F2C}.Debug|x86.ActiveCfg = Debug|Win32
		{D4A3C022-A72F-4CD4-8BEC-29042BE47F2C}.Debug|x86.Build.0 = Debug|Win32
		{D4A3C022-A72F-4CD4-8BEC-29042BE47F2C}.Release|x64.ActiveCfg = Release|x64
		{D4A3C022-A72F-4CD4-8BEC-29042BE47F2C}.Release|x64.Build.0 = Release|x64
		{D4A3C022-A72F-4CD4-8BEC-29042BE47F2C}.Release|x86.ActiveCfg = Release|Win32
		{D4A3C022-A72F-4CD4-8BEC-29042BE47F2C}.Release|x86.Build.0 = Release|Win32
	EndGlobalSection
	GlobalSection(SolutionProperties) = preSolution
		HideSolutionNode = FALSE
	EndGlobalSection
	GlobalSection(ExtensibilityGlobals) = postSolution
		SolutionGuid = {20B5F7DC-346A-40D5-B634-E066F9A217B3}
	EndGlobalSection
EndGlobal
